
Microsoft Visual Studio Solution File, Format Version 12.00
# Visual Studio Version 16
VisualStudioVersion = 16.0.31702.278
MinimumVisualStudioVersion = 10.0.40219.1
Project("{FAE04EC0-301F-11D3-BF4B-00C04F79EFBC}") = "Stepik_ASP_Core_MVC_course", "Stepik_ASP_Core_MVC_course\Stepik_ASP_Core_MVC_course.csproj", "{6FA57D7C-ABAA-4225-900D-0228DBBF3ED2}"
EndProject
Global
	GlobalSection(SolutionConfigurationPlatforms) = preSolution
		Debug|Any CPU = Debug|Any CPU
		Release|Any CPU = Release|Any CPU
	EndGlobalSection
	GlobalSection(ProjectConfigurationPlatforms) = postSolution
		{6FA57D7C-ABAA-4225-900D-0228DBBF3ED2}.Debug|Any CPU.ActiveCfg = Debug|Any CPU
		{6FA57D7C-ABAA-4225-900D-0228DBBF3ED2}.Debug|Any CPU.Build.0 = Debug|Any CPU
		{6FA57D7C-ABAA-4225-900D-0228DBBF3ED2}.Release|Any CPU.ActiveCfg = Release|Any CPU
		{6FA57D7C-ABAA-4225-900D-0228DBBF3ED2}.Release|Any CPU.Build.0 = Release|Any CPU
	EndGlobalSection
	GlobalSection(SolutionProperties) = preSolution
		HideSolutionNode = FALSE
	EndGlobalSection
	GlobalSection(ExtensibilityGlobals) = postSolution
		SolutionGuid = {52A516F0-9AD2-4B2F-B392-572034D2019A}
	EndGlobalSection
EndGlobal
